
Microsoft Visual Studio Solution File, Format Version 12.00
# Visual Studio 2013
VisualStudioVersion = 12.0.31101.0
MinimumVisualStudioVersion = 10.0.40219.1
Project("{FAE04EC0-301F-11D3-BF4B-00C04F79EFBC}") = "Hibernate.Sample", "Hibernate.Sample\Hibernate.Sample.csproj", "{0436907B-AC1C-4495-BE5B-C96247261E53}"
EndProject
Project("{FAE04EC0-301F-11D3-BF4B-00C04F79EFBC}") = "Hibernate.Sample.Test", "Hibernate.Sample.Test\Hibernate.Sample.Test.csproj", "{C1BB26F1-3FBE-453C-A115-6FF42F409BB0}"
EndProject
Global
	GlobalSection(SolutionConfigurationPlatforms) = preSolution
		Debug|Any CPU = Debug|Any CPU
		Release|Any CPU = Release|Any CPU
	EndGlobalSection
	GlobalSection(ProjectConfigurationPlatforms) = postSolution
		{0436907B-AC1C-4495-BE5B-C96247261E53}.Debug|Any CPU.ActiveCfg = Debug|Any CPU
		{0436907B-AC1C-4495-BE5B-C96247261E53}.Debug|Any CPU.Build.0 = Debug|Any CPU
		{0436907B-AC1C-4495-BE5B-C96247261E53}.Release|Any CPU.ActiveCfg = Release|Any CPU
		{0436907B-AC1C-4495-BE5B-C96247261E53}.Release|Any CPU.Build.0 = Release|Any CPU
		{C1BB26F1-3FBE-453C-A115-6FF42F409BB0}.Debug|Any CPU.ActiveCfg = Debug|Any CPU
		{C1BB26F1-3FBE-453C-A115-6FF42F409BB0}.Debug|Any CPU.Build.0 = Debug|Any CPU
		{C1BB26F1-3FBE-453C-A115-6FF42F409BB0}.Release|Any CPU.ActiveCfg = Release|Any CPU
		{C1BB26F1-3FBE-453C-A115-6FF42F409BB0}.Release|Any CPU.Build.0 = Release|Any CPU
	EndGlobalSection
	GlobalSection(SolutionProperties) = preSolution
		HideSolutionNode = FALSE
	EndGlobalSection
EndGlobal
